
Microsoft Visual Studio Solution File, Format Version 12.00
# Visual Studio Version 16
VisualStudioVersion = 16.0.30804.86
MinimumVisualStudioVersion = 10.0.40219.1
Project("{FAE04EC0-301F-11D3-BF4B-00C04F79EFBC}") = "NfiSharp8", "NfiSharp8\NfiSharp8.csproj", "{D10C3E1A-00C3-427C-AEC9-5B9913A60DCA}"
EndProject
Global
	GlobalSection(SolutionConfigurationPlatforms) = preSolution
		Debug|Any CPU = Debug|Any CPU
		Release|Any CPU = Release|Any CPU
	EndGlobalSection
	GlobalSection(ProjectConfigurationPlatforms) = postSolution
		{D10C3E1A-00C3-427C-AEC9-5B9913A60DCA}.Debug|Any CPU.ActiveCfg = Debug|Any CPU
		{D10C3E1A-00C3-427C-AEC9-5B9913A60DCA}.Debug|Any CPU.Build.0 = Debug|Any CPU
		{D10C3E1A-00C3-427C-AEC9-5B9913A60DCA}.Release|Any CPU.ActiveCfg = Release|Any CPU
		{D10C3E1A-00C3-427C-AEC9-5B9913A60DCA}.Release|Any CPU.Build.0 = Release|Any CPU
	EndGlobalSection
	GlobalSection(SolutionProperties) = preSolution
		HideSolutionNode = FALSE
	EndGlobalSection
	GlobalSection(ExtensibilityGlobals) = postSolution
		SolutionGuid = {B16E0CEA-C1A3-42BE-A693-01E960BA5F16}
	EndGlobalSection
EndGlobal
